
Microsoft Visual Studio Solution File, Format Version 12.00
# Visual Studio 15
Project("{FAE04EC0-301F-11D3-BF4B-00C04F79EFBC}") = "UnityEngine.UI", "UnityEngine.UI.csproj", "{AF9016E4-3C74-8CB5-312D-EBFA392EEF7C}"
EndProject
Project("{FAE04EC0-301F-11D3-BF4B-00C04F79EFBC}") = "UnityEngine.TestRunner", "UnityEngine.TestRunner.csproj", "{BA8D54E9-1FB5-E75F-C019-ABEFA39B3EFB}"
EndProject
Project("{FAE04EC0-301F-11D3-BF4B-00C04F79EFBC}") = "Unity.Mathematics", "Unity.Mathematics.csproj", "{7CC0067B-28F3-BF42-EC53-DBA631F5900D}"
EndProject
Project("{FAE04EC0-301F-11D3-BF4B-00C04F79EFBC}") = "Unity.2D.Animation.Triangle.Runtime", "Unity.2D.Animation.Triangle.Runtime.csproj", "{C80E2510-53C4-C21C-6C6C-0F57746974E7}"
EndProject
Project("{FAE04EC0-301F-11D3-BF4B-00C04F79EFBC}") = "Unity.Timeline", "Unity.Timeline.csproj", "{269A6185-F37B-7D72-1BA8-8029629996CE}"
EndProject
Project("{FAE04EC0-301F-11D3-BF4B-00C04F79EFBC}") = "Unity.TextMeshPro", "Unity.TextMeshPro.csproj", "{5BFA0A5B-360E-FD4A-99ED-25A952916A7E}"
EndProject
Project("{FAE04EC0-301F-11D3-BF4B-00C04F79EFBC}") = "Unity.2D.Animation.Runtime", "Unity.2D.Animation.Runtime.csproj", "{6B5BFFEB-B4DF-C4A8-6EBC-0F7573E1F0C3}"
EndProject
Project("{FAE04EC0-301F-11D3-BF4B-00C04F79EFBC}") = "Assembly-CSharp", "Assembly-CSharp.csproj", "{9E7C3F47-086B-0E0E-8870-9FF672A0C823}"
EndProject
Project("{FAE04EC0-301F-11D3-BF4B-00C04F79EFBC}") = "Unity.2D.IK.Runtime", "Unity.2D.IK.Runtime.csproj", "{F1C07B90-39E1-6074-2386-1A91EC32198F}"
EndProject
Project("{FAE04EC0-301F-11D3-BF4B-00C04F79EFBC}") = "Unity.2D.SpriteShape.Runtime", "Unity.2D.SpriteShape.Runtime.csproj", "{94395542-C2ED-63C4-17A1-BDFCC1E44D59}"
EndProject
Project("{FAE04EC0-301F-11D3-BF4B-00C04F79EFBC}") = "Unity.2D.PixelPerfect", "Unity.2D.PixelPerfect.csproj", "{3FC8AE0F-8AA9-A75F-B0CC-C9CA48282BC5}"
EndProject
Project("{FAE04EC0-301F-11D3-BF4B-00C04F79EFBC}") = "Unity.2D.Common.Runtime", "Unity.2D.Common.Runtime.csproj", "{FD506487-A69D-675E-760D-E5C1CCBC31C4}"
EndProject
Project("{FAE04EC0-301F-11D3-BF4B-00C04F79EFBC}") = "Unity.InternalAPIEngineBridge.001", "Unity.InternalAPIEngineBridge.001.csproj", "{A5BE8148-BF84-1F53-5188-7788E824D8F0}"
EndProject
Project("{FAE04EC0-301F-11D3-BF4B-00C04F79EFBC}") = "UnityEditor.TestRunner", "UnityEditor.TestRunner.csproj", "{38ED9F86-5B73-AE19-5435-B7943860C0A0}"
EndProject
Project("{FAE04EC0-301F-11D3-BF4B-00C04F79EFBC}") = "Unity.PlasticSCM.Editor", "Unity.PlasticSCM.Editor.csproj", "{D2E1EE24-B256-866C-0A76-6A3F46D95810}"
EndProject
Project("{FAE04EC0-301F-11D3-BF4B-00C04F79EFBC}") = "UnityEditor.UI", "UnityEditor.UI.csproj", "{69BFEC19-1C88-5C44-7FFB-204FDE14BB2E}"
EndProject
Project("{FAE04EC0-301F-11D3-BF4B-00C04F79EFBC}") = "Unity.Timeline.Editor", "Unity.Timeline.Editor.csproj", "{110A1C08-2E33-66F2-5104-01BB0DC0970B}"
EndProject
Project("{FAE04EC0-301F-11D3-BF4B-00C04F79EFBC}") = "Unity.VisualStudio.Editor", "Unity.VisualStudio.Editor.csproj", "{DA3A9E32-6F76-8F3C-E447-6EFFB7F576CC}"
EndProject
Project("{FAE04EC0-301F-11D3-BF4B-00C04F79EFBC}") = "Unity.2D.Psdimporter.Editor", "Unity.2D.Psdimporter.Editor.csproj", "{14ECA4F8-B37E-A6BC-DB20-C1C589951962}"
EndProject
Project("{FAE04EC0-301F-11D3-BF4B-00C04F79EFBC}") = "Unity.2D.Animation.Editor", "Unity.2D.Animation.Editor.csproj", "{2D4E63CF-6762-29C2-49BB-A66DF5003D3E}"
EndProject
Project("{FAE04EC0-301F-11D3-BF4B-00C04F79EFBC}") = "Unity.TextMeshPro.Editor", "Unity.TextMeshPro.Editor.csproj", "{6B28A272-A4C9-5205-0012-10FA72F9AA78}"
EndProject
Project("{FAE04EC0-301F-11D3-BF4B-00C04F79EFBC}") = "Unity.2D.SpriteShape.Editor", "Unity.2D.SpriteShape.Editor.csproj", "{9EE68030-9180-E03F-69DD-628B505B460E}"
EndProject
Project("{FAE04EC0-301F-11D3-BF4B-00C04F79EFBC}") = "Unity.CollabProxy.Editor", "Unity.CollabProxy.Editor.csproj", "{C0BB1024-3EBD-D512-98EA-D526BC6DFB8B}"
EndProject
Project("{FAE04EC0-301F-11D3-BF4B-00C04F79EFBC}") = "PsdPlugin", "PsdPlugin.csproj", "{8EC95470-11E1-4D1B-4C63-D40B236E8893}"
EndProject
Project("{FAE04EC0-301F-11D3-BF4B-00C04F79EFBC}") = "Unity.2D.Path.Editor", "Unity.2D.Path.Editor.csproj", "{9D980FB7-2052-A709-F6E5-1EF72E16B65B}"
EndProject
Project("{FAE04EC0-301F-11D3-BF4B-00C04F79EFBC}") = "Unity.Rider.Editor", "Unity.Rider.Editor.csproj", "{B35EB5D9-C0D2-C7FF-3D0D-8F13E4363892}"
EndProject
Project("{FAE04EC0-301F-11D3-BF4B-00C04F79EFBC}") = "Unity.2D.IK.Editor", "Unity.2D.IK.Editor.csproj", "{C4C29AE6-7796-DC5E-01AC-8FA2C20FCF24}"
EndProject
Project("{FAE04EC0-301F-11D3-BF4B-00C04F79EFBC}") = "Unity.2D.Sprite.Editor", "Unity.2D.Sprite.Editor.csproj", "{9CE53E90-948C-692D-1D84-849877163E66}"
EndProject
Project("{FAE04EC0-301F-11D3-BF4B-00C04F79EFBC}") = "Unity.2D.Tilemap.Editor", "Unity.2D.Tilemap.Editor.csproj", "{D5297B8B-5398-45D6-8FC7-F6B1230DEA9B}"
EndProject
Project("{FAE04EC0-301F-11D3-BF4B-00C04F79EFBC}") = "Unity.2D.PixelPerfect.Editor", "Unity.2D.PixelPerfect.Editor.csproj", "{2B9BD668-54B2-14C0-9397-9ADDD41D4CD8}"
EndProject
Project("{FAE04EC0-301F-11D3-BF4B-00C04F79EFBC}") = "Unity.VSCode.Editor", "Unity.VSCode.Editor.csproj", "{DDB1A0AD-E285-4E53-C41D-B7AC93BC1BDB}"
EndProject
Project("{FAE04EC0-301F-11D3-BF4B-00C04F79EFBC}") = "Unity.2D.Common.Editor", "Unity.2D.Common.Editor.csproj", "{18C48975-0650-9F44-DF50-372EFFBDB938}"
EndProject
Project("{FAE04EC0-301F-11D3-BF4B-00C04F79EFBC}") = "Unity.Mathematics.Editor", "Unity.Mathematics.Editor.csproj", "{7151D6D5-A388-7E1B-C97A-ED1DB6175E43}"
EndProject
Project("{FAE04EC0-301F-11D3-BF4B-00C04F79EFBC}") = "Unity.InternalAPIEditorBridge.001", "Unity.InternalAPIEditorBridge.001.csproj", "{FEEC74F8-B7D7-A286-1306-95AAE47D816E}"
EndProject
Project("{FAE04EC0-301F-11D3-BF4B-00C04F79EFBC}") = "UnityEngine.UI", "UnityEngine.UI.Player.csproj", "{AF926358-C77B-9DC8-17E2-F4780C13679A}"
EndProject
Project("{FAE04EC0-301F-11D3-BF4B-00C04F79EFBC}") = "UnityEngine.TestRunner", "UnityEngine.TestRunner.Player.csproj", "{636A7C92-BBC7-E345-FA06-712EF76726CA}"
EndProject
Project("{FAE04EC0-301F-11D3-BF4B-00C04F79EFBC}") = "Unity.Mathematics", "Unity.Mathematics.Player.csproj", "{02B7AB44-7BD4-63A6-4F6F-3AA57A734A15}"
EndProject
Project("{FAE04EC0-301F-11D3-BF4B-00C04F79EFBC}") = "Unity.2D.Animation.Triangle.Runtime", "Unity.2D.Animation.Triangle.Runtime.Player.csproj", "{840650BA-D2AC-D505-FB19-69777C6BF64A}"
EndProject
Project("{FAE04EC0-301F-11D3-BF4B-00C04F79EFBC}") = "Unity.Timeline", "Unity.Timeline.Player.csproj", "{307E4081-CB79-0689-C1D9-D59C075FF35E}"
EndProject
Project("{FAE04EC0-301F-11D3-BF4B-00C04F79EFBC}") = "Unity.TextMeshPro", "Unity.TextMeshPro.Player.csproj", "{4AE3F597-A292-77B4-DDCE-811B1AFEE77A}"
EndProject
Project("{FAE04EC0-301F-11D3-BF4B-00C04F79EFBC}") = "Unity.2D.Animation.Runtime", "Unity.2D.Animation.Runtime.Player.csproj", "{3735BD77-8A08-20ED-8C72-97675570956D}"
EndProject
Project("{FAE04EC0-301F-11D3-BF4B-00C04F79EFBC}") = "Assembly-CSharp", "Assembly-CSharp.Player.csproj", "{CE76444A-3570-2A8F-40D8-96FCA74166F2}"
EndProject
Project("{FAE04EC0-301F-11D3-BF4B-00C04F79EFBC}") = "Unity.2D.IK.Runtime", "Unity.2D.IK.Runtime.Player.csproj", "{5D0A07B8-8E8C-463F-A132-98F3568A3FEF}"
EndProject
Project("{FAE04EC0-301F-11D3-BF4B-00C04F79EFBC}") = "Unity.2D.SpriteShape.Runtime", "Unity.2D.SpriteShape.Runtime.Player.csproj", "{054E6208-BE97-7FB4-11C3-FE5BC40EFD14}"
EndProject
Project("{FAE04EC0-301F-11D3-BF4B-00C04F79EFBC}") = "Unity.2D.PixelPerfect", "Unity.2D.PixelPerfect.Player.csproj", "{317209CE-EFF5-6CFD-EB22-B45D9E578A74}"
EndProject
Project("{FAE04EC0-301F-11D3-BF4B-00C04F79EFBC}") = "Unity.2D.Common.Runtime", "Unity.2D.Common.Runtime.Player.csproj", "{8C9CB1D7-77D0-8F68-152C-9EF2C98D692D}"
EndProject
Project("{FAE04EC0-301F-11D3-BF4B-00C04F79EFBC}") = "Unity.InternalAPIEngineBridge.001", "Unity.InternalAPIEngineBridge.001.Player.csproj", "{32F2E90B-30A4-1F07-1B5A-28289CC277E9}"
EndProject
Global
	GlobalSection(SolutionConfigurationPlatforms) = preSolution
		Debug|Any CPU = Debug|Any CPU
		Release|Any CPU = Release|Any CPU
	EndGlobalSection
	GlobalSection(ProjectConfigurationPlatforms) = postSolution
		{AF9016E4-3C74-8CB5-312D-EBFA392EEF7C}.Debug|Any CPU.ActiveCfg = Debug|Any CPU
		{AF9016E4-3C74-8CB5-312D-EBFA392EEF7C}.Debug|Any CPU.Build.0 = Debug|Any CPU
		{AF9016E4-3C74-8CB5-312D-EBFA392EEF7C}.Release|Any CPU.ActiveCfg = Release|Any CPU
		{AF9016E4-3C74-8CB5-312D-EBFA392EEF7C}.Release|Any CPU.Build.0 = Release|Any CPU
		{BA8D54E9-1FB5-E75F-C019-ABEFA39B3EFB}.Debug|Any CPU.ActiveCfg = Debug|Any CPU
		{BA8D54E9-1FB5-E75F-C019-ABEFA39B3EFB}.Debug|Any CPU.Build.0 = Debug|Any CPU
		{BA8D54E9-1FB5-E75F-C019-ABEFA39B3EFB}.Release|Any CPU.ActiveCfg = Release|Any CPU
		{BA8D54E9-1FB5-E75F-C019-ABEFA39B3EFB}.Release|Any CPU.Build.0 = Release|Any CPU
		{7CC0067B-28F3-BF42-EC53-DBA631F5900D}.Debug|Any CPU.ActiveCfg = Debug|Any CPU
		{7CC0067B-28F3-BF42-EC53-DBA631F5900D}.Debug|Any CPU.Build.0 = Debug|Any CPU
		{7CC0067B-28F3-BF42-EC53-DBA631F5900D}.Release|Any CPU.ActiveCfg = Release|Any CPU
		{7CC0067B-28F3-BF42-EC53-DBA631F5900D}.Release|Any CPU.Build.0 = Release|Any CPU
		{C80E2510-53C4-C21C-6C6C-0F57746974E7}.Debug|Any CPU.ActiveCfg = Debug|Any CPU
		{C80E2510-53C4-C21C-6C6C-0F57746974E7}.Debug|Any CPU.Build.0 = Debug|Any CPU
		{C80E2510-53C4-C21C-6C6C-0F57746974E7}.Release|Any CPU.ActiveCfg = Release|Any CPU
		{C80E2510-53C4-C21C-6C6C-0F57746974E7}.Release|Any CPU.Build.0 = Release|Any CPU
		{269A6185-F37B-7D72-1BA8-8029629996CE}.Debug|Any CPU.ActiveCfg = Debug|Any CPU
		{269A6185-F37B-7D72-1BA8-8029629996CE}.Debug|Any CPU.Build.0 = Debug|Any CPU
		{269A6185-F37B-7D72-1BA8-8029629996CE}.Release|Any CPU.ActiveCfg = Release|Any CPU
		{269A6185-F37B-7D72-1BA8-8029629996CE}.Release|Any CPU.Build.0 = Release|Any CPU
		{5BFA0A5B-360E-FD4A-99ED-25A952916A7E}.Debug|Any CPU.ActiveCfg = Debug|Any CPU
		{5BFA0A5B-360E-FD4A-99ED-25A952916A7E}.Debug|Any CPU.Build.0 = Debug|Any CPU
		{5BFA0A5B-360E-FD4A-99ED-25A952916A7E}.Release|Any CPU.ActiveCfg = Release|Any CPU
		{5BFA0A5B-360E-FD4A-99ED-25A952916A7E}.Release|Any CPU.Build.0 = Release|Any CPU
		{6B5BFFEB-B4DF-C4A8-6EBC-0F7573E1F0C3}.Debug|Any CPU.ActiveCfg = Debug|Any CPU
		{6B5BFFEB-B4DF-C4A8-6EBC-0F7573E1F0C3}.Debug|Any CPU.Build.0 = Debug|Any CPU
		{6B5BFFEB-B4DF-C4A8-6EBC-0F7573E1F0C3}.Release|Any CPU.ActiveCfg = Release|Any CPU
		{6B5BFFEB-B4DF-C4A8-6EBC-0F7573E1F0C3}.Release|Any CPU.Build.0 = Release|Any CPU
		{9E7C3F47-086B-0E0E-8870-9FF672A0C823}.Debug|Any CPU.ActiveCfg = Debug|Any CPU
		{9E7C3F47-086B-0E0E-8870-9FF672A0C823}.Debug|Any CPU.Build.0 = Debug|Any CPU
		{9E7C3F47-086B-0E0E-8870-9FF672A0C823}.Release|Any CPU.ActiveCfg = Release|Any CPU
		{9E7C3F47-086B-0E0E-8870-9FF672A0C823}.Release|Any CPU.Build.0 = Release|Any CPU
		{F1C07B90-39E1-6074-2386-1A91EC32198F}.Debug|Any CPU.ActiveCfg = Debug|Any CPU
		{F1C07B90-39E1-6074-2386-1A91EC32198F}.Debug|Any CPU.Build.0 = Debug|Any CPU
		{F1C07B90-39E1-6074-2386-1A91EC32198F}.Release|Any CPU.ActiveCfg = Release|Any CPU
		{F1C07B90-39E1-6074-2386-1A91EC32198F}.Release|Any CPU.Build.0 = Release|Any CPU
		{94395542-C2ED-63C4-17A1-BDFCC1E44D59}.Debug|Any CPU.ActiveCfg = Debug|Any CPU
		{94395542-C2ED-63C4-17A1-BDFCC1E44D59}.Debug|Any CPU.Build.0 = Debug|Any CPU
		{94395542-C2ED-63C4-17A1-BDFCC1E44D59}.Release|Any CPU.ActiveCfg = Release|Any CPU
		{94395542-C2ED-63C4-17A1-BDFCC1E44D59}.Release|Any CPU.Build.0 = Release|Any CPU
		{3FC8AE0F-8AA9-A75F-B0CC-C9CA48282BC5}.Debug|Any CPU.ActiveCfg = Debug|Any CPU
		{3FC8AE0F-8AA9-A75F-B0CC-C9CA48282BC5}.Debug|Any CPU.Build.0 = Debug|Any CPU
		{3FC8AE0F-8AA9-A75F-B0CC-C9CA48282BC5}.Release|Any CPU.ActiveCfg = Release|Any CPU
		{3FC8AE0F-8AA9-A75F-B0CC-C9CA48282BC5}.Release|Any CPU.Build.0 = Release|Any CPU
		{FD506487-A69D-675E-760D-E5C1CCBC31C4}.Debug|Any CPU.ActiveCfg = Debug|Any CPU
		{FD506487-A69D-675E-760D-E5C1CCBC31C4}.Debug|Any CPU.Build.0 = Debug|Any CPU
		{FD506487-A69D-675E-760D-E5C1CCBC31C4}.Release|Any CPU.ActiveCfg = Release|Any CPU
		{FD506487-A69D-675E-760D-E5C1CCBC31C4}.Release|Any CPU.Build.0 = Release|Any CPU
		{A5BE8148-BF84-1F53-5188-7788E824D8F0}.Debug|Any CPU.ActiveCfg = Debug|Any CPU
		{A5BE8148-BF84-1F53-5188-7788E824D8F0}.Debug|Any CPU.Build.0 = Debug|Any CPU
		{A5BE8148-BF84-1F53-5188-7788E824D8F0}.Release|Any CPU.ActiveCfg = Release|Any CPU
		{A5BE8148-BF84-1F53-5188-7788E824D8F0}.Release|Any CPU.Build.0 = Release|Any CPU
		{38ED9F86-5B73-AE19-5435-B7943860C0A0}.Debug|Any CPU.ActiveCfg = Debug|Any CPU
		{38ED9F86-5B73-AE19-5435-B7943860C0A0}.Debug|Any CPU.Build.0 = Debug|Any CPU
		{38ED9F86-5B73-AE19-5435-B7943860C0A0}.Release|Any CPU.ActiveCfg = Release|Any CPU
		{38ED9F86-5B73-AE19-5435-B7943860C0A0}.Release|Any CPU.Build.0 = Release|Any CPU
		{D2E1EE24-B256-866C-0A76-6A3F46D95810}.Debug|Any CPU.ActiveCfg = Debug|Any CPU
		{D2E1EE24-B256-866C-0A76-6A3F46D95810}.Debug|Any CPU.Build.0 = Debug|Any CPU
		{D2E1EE24-B256-866C-0A76-6A3F46D95810}.Release|Any CPU.ActiveCfg = Release|Any CPU
		{D2E1EE24-B256-866C-0A76-6A3F46D95810}.Release|Any CPU.Build.0 = Release|Any CPU
		{69BFEC19-1C88-5C44-7FFB-204FDE14BB2E}.Debug|Any CPU.ActiveCfg = Debug|Any CPU
		{69BFEC19-1C88-5C44-7FFB-204FDE14BB2E}.Debug|Any CPU.Build.0 = Debug|Any CPU
		{69BFEC19-1C88-5C44-7FFB-204FDE14BB2E}.Release|Any CPU.ActiveCfg = Release|Any CPU
		{69BFEC19-1C88-5C44-7FFB-204FDE14BB2E}.Release|Any CPU.Build.0 = Release|Any CPU
		{110A1C08-2E33-66F2-5104-01BB0DC0970B}.Debug|Any CPU.ActiveCfg = Debug|Any CPU
		{110A1C08-2E33-66F2-5104-01BB0DC0970B}.Debug|Any CPU.Build.0 = Debug|Any CPU
		{110A1C08-2E33-66F2-5104-01BB0DC0970B}.Release|Any CPU.ActiveCfg = Release|Any CPU
		{110A1C08-2E33-66F2-5104-01BB0DC0970B}.Release|Any CPU.Build.0 = Release|Any CPU
		{DA3A9E32-6F76-8F3C-E447-6EFFB7F576CC}.Debug|Any CPU.ActiveCfg = Debug|Any CPU
		{DA3A9E32-6F76-8F3C-E447-6EFFB7F576CC}.Debug|Any CPU.Build.0 = Debug|Any CPU
		{DA3A9E32-6F76-8F3C-E447-6EFFB7F576CC}.Release|Any CPU.ActiveCfg = Release|Any CPU
		{DA3A9E32-6F76-8F3C-E447-6EFFB7F576CC}.Release|Any CPU.Build.0 = Release|Any CPU
		{14ECA4F8-B37E-A6BC-DB20-C1C589951962}.Debug|Any CPU.ActiveCfg = Debug|Any CPU
		{14ECA4F8-B37E-A6BC-DB20-C1C589951962}.Debug|Any CPU.Build.0 = Debug|Any CPU
		{14ECA4F8-B37E-A6BC-DB20-C1C589951962}.Release|Any CPU.ActiveCfg = Release|Any CPU
		{14ECA4F8-B37E-A6BC-DB20-C1C589951962}.Release|Any CPU.Build.0 = Release|Any CPU
		{2D4E63CF-6762-29C2-49BB-A66DF5003D3E}.Debug|Any CPU.ActiveCfg = Debug|Any CPU
		{2D4E63CF-6762-29C2-49BB-A66DF5003D3E}.Debug|Any CPU.Build.0 = Debug|Any CPU
		{2D4E63CF-6762-29C2-49BB-A66DF5003D3E}.Release|Any CPU.ActiveCfg = Release|Any CPU
		{2D4E63CF-6762-29C2-49BB-A66DF5003D3E}.Release|Any CPU.Build.0 = Release|Any CPU
		{6B28A272-A4C9-5205-0012-10FA72F9AA78}.Debug|Any CPU.ActiveCfg = Debug|Any CPU
		{6B28A272-A4C9-5205-0012-10FA72F9AA78}.Debug|Any CPU.Build.0 = Debug|Any CPU
		{6B28A272-A4C9-5205-0012-10FA72F9AA78}.Release|Any CPU.ActiveCfg = Release|Any CPU
		{6B28A272-A4C9-5205-0012-10FA72F9AA78}.Release|Any CPU.Build.0 = Release|Any CPU
		{9EE68030-9180-E03F-69DD-628B505B460E}.Debug|Any CPU.ActiveCfg = Debug|Any CPU
		{9EE68030-9180-E03F-69DD-628B505B460E}.Debug|Any CPU.Build.0 = Debug|Any CPU
		{9EE68030-9180-E03F-69DD-628B505B460E}.Release|Any CPU.ActiveCfg = Release|Any CPU
		{9EE68030-9180-E03F-69DD-628B505B460E}.Release|Any CPU.Build.0 = Release|Any CPU
		{C0BB1024-3EBD-D512-98EA-D526BC6DFB8B}.Debug|Any CPU.ActiveCfg = Debug|Any CPU
		{C0BB1024-3EBD-D512-98EA-D526BC6DFB8B}.Debug|Any CPU.Build.0 = Debug|Any CPU
		{C0BB1024-3EBD-D512-98EA-D526BC6DFB8B}.Release|Any CPU.ActiveCfg = Release|Any CPU
		{C0BB1024-3EBD-D512-98EA-D526BC6DFB8B}.Release|Any CPU.Build.0 = Release|Any CPU
		{8EC95470-11E1-4D1B-4C63-D40B236E8893}.Debug|Any CPU.ActiveCfg = Debug|Any CPU
		{8EC95470-11E1-4D1B-4C63-D40B236E8893}.Debug|Any CPU.Build.0 = Debug|Any CPU
		{8EC95470-11E1-4D1B-4C63-D40B236E8893}.Release|Any CPU.ActiveCfg = Release|Any CPU
		{8EC95470-11E1-4D1B-4C63-D40B236E8893}.Release|Any CPU.Build.0 = Release|Any CPU
		{9D980FB7-2052-A709-F6E5-1EF72E16B65B}.Debug|Any CPU.ActiveCfg = Debug|Any CPU
		{9D980FB7-2052-A709-F6E5-1EF72E16B65B}.Debug|Any CPU.Build.0 = Debug|Any CPU
		{9D980FB7-2052-A709-F6E5-1EF72E16B65B}.Release|Any CPU.ActiveCfg = Release|Any CPU
		{9D980FB7-2052-A709-F6E5-1EF72E16B65B}.Release|Any CPU.Build.0 = Release|Any CPU
		{B35EB5D9-C0D2-C7FF-3D0D-8F13E4363892}.Debug|Any CPU.ActiveCfg = Debug|Any CPU
		{B35EB5D9-C0D2-C7FF-3D0D-8F13E4363892}.Debug|Any CPU.Build.0 = Debug|Any CPU
		{B35EB5D9-C0D2-C7FF-3D0D-8F13E4363892}.Release|Any CPU.ActiveCfg = Release|Any CPU
		{B35EB5D9-C0D2-C7FF-3D0D-8F13E4363892}.Release|Any CPU.Build.0 = Release|Any CPU
		{C4C29AE6-7796-DC5E-01AC-8FA2C20FCF24}.Debug|Any CPU.ActiveCfg = Debug|Any CPU
		{C4C29AE6-7796-DC5E-01AC-8FA2C20FCF24}.Debug|Any CPU.Build.0 = Debug|Any CPU
		{C4C29AE6-7796-DC5E-01AC-8FA2C20FCF24}.Release|Any CPU.ActiveCfg = Release|Any CPU
		{C4C29AE6-7796-DC5E-01AC-8FA2C20FCF24}.Release|Any CPU.Build.0 = Release|Any CPU
		{9CE53E90-948C-692D-1D84-849877163E66}.Debug|Any CPU.ActiveCfg = Debug|Any CPU
		{9CE53E90-948C-692D-1D84-849877163E66}.Debug|Any CPU.Build.0 = Debug|Any CPU
		{9CE53E90-948C-692D-1D84-849877163E66}.Release|Any CPU.ActiveCfg = Release|Any CPU
		{9CE53E90-948C-692D-1D84-849877163E66}.Release|Any CPU.Build.0 = Release|Any CPU
		{D5297B8B-5398-45D6-8FC7-F6B1230DEA9B}.Debug|Any CPU.ActiveCfg = Debug|Any CPU
		{D5297B8B-5398-45D6-8FC7-F6B1230DEA9B}.Debug|Any CPU.Build.0 = Debug|Any CPU
		{D5297B8B-5398-45D6-8FC7-F6B1230DEA9B}.Release|Any CPU.ActiveCfg = Release|Any CPU
		{D5297B8B-5398-45D6-8FC7-F6B1230DEA9B}.Release|Any CPU.Build.0 = Release|Any CPU
		{2B9BD668-54B2-14C0-9397-9ADDD41D4CD8}.Debug|Any CPU.ActiveCfg = Debug|Any CPU
		{2B9BD668-54B2-14C0-9397-9ADDD41D4CD8}.Debug|Any CPU.Build.0 = Debug|Any CPU
		{2B9BD668-54B2-14C0-9397-9ADDD41D4CD8}.Release|Any CPU.ActiveCfg = Release|Any CPU
		{2B9BD668-54B2-14C0-9397-9ADDD41D4CD8}.Release|Any CPU.Build.0 = Release|Any CPU
		{DDB1A0AD-E285-4E53-C41D-B7AC93BC1BDB}.Debug|Any CPU.ActiveCfg = Debug|Any CPU
		{DDB1A0AD-E285-4E53-C41D-B7AC93BC1BDB}.Debug|Any CPU.Build.0 = Debug|Any CPU
		{DDB1A0AD-E285-4E53-C41D-B7AC93BC1BDB}.Release|Any CPU.ActiveCfg = Release|Any CPU
		{DDB1A0AD-E285-4E53-C41D-B7AC93BC1BDB}.Release|Any CPU.Build.0 = Release|Any CPU
		{18C48975-0650-9F44-DF50-372EFFBDB938}.Debug|Any CPU.ActiveCfg = Debug|Any CPU
		{18C48975-0650-9F44-DF50-372EFFBDB938}.Debug|Any CPU.Build.0 = Debug|Any CPU
		{18C48975-0650-9F44-DF50-372EFFBDB938}.Release|Any CPU.ActiveCfg = Release|Any CPU
		{18C48975-0650-9F44-DF50-372EFFBDB938}.Release|Any CPU.Build.0 = Release|Any CPU
		{7151D6D5-A388-7E1B-C97A-ED1DB6175E43}.Debug|Any CPU.ActiveCfg = Debug|Any CPU
		{7151D6D5-A388-7E1B-C97A-ED1DB6175E43}.Debug|Any CPU.Build.0 = Debug|Any CPU
		{7151D6D5-A388-7E1B-C97A-ED1DB6175E43}.Release|Any CPU.ActiveCfg = Release|Any CPU
		{7151D6D5-A388-7E1B-C97A-ED1DB6175E43}.Release|Any CPU.Build.0 = Release|Any CPU
		{FEEC74F8-B7D7-A286-1306-95AAE47D816E}.Debug|Any CPU.ActiveCfg = Debug|Any CPU
		{FEEC74F8-B7D7-A286-1306-95AAE47D816E}.Debug|Any CPU.Build.0 = Debug|Any CPU
		{FEEC74F8-B7D7-A286-1306-95AAE47D816E}.Release|Any CPU.ActiveCfg = Release|Any CPU
		{FEEC74F8-B7D7-A286-1306-95AAE47D816E}.Release|Any CPU.Build.0 = Release|Any CPU
		{AF926358-C77B-9DC8-17E2-F4780C13679A}.Debug|Any CPU.ActiveCfg = Debug|Any CPU
		{AF926358-C77B-9DC8-17E2-F4780C13679A}.Debug|Any CPU.Build.0 = Debug|Any CPU
		{AF926358-C77B-9DC8-17E2-F4780C13679A}.Release|Any CPU.ActiveCfg = Release|Any CPU
		{AF926358-C77B-9DC8-17E2-F4780C13679A}.Release|Any CPU.Build.0 = Release|Any CPU
		{636A7C92-BBC7-E345-FA06-712EF76726CA}.Debug|Any CPU.ActiveCfg = Debug|Any CPU
		{636A7C92-BBC7-E345-FA06-712EF76726CA}.Debug|Any CPU.Build.0 = Debug|Any CPU
		{636A7C92-BBC7-E345-FA06-712EF76726CA}.Release|Any CPU.ActiveCfg = Release|Any CPU
		{636A7C92-BBC7-E345-FA06-712EF76726CA}.Release|Any CPU.Build.0 = Release|Any CPU
		{02B7AB44-7BD4-63A6-4F6F-3AA57A734A15}.Debug|Any CPU.ActiveCfg = Debug|Any CPU
		{02B7AB44-7BD4-63A6-4F6F-3AA57A734A15}.Debug|Any CPU.Build.0 = Debug|Any CPU
		{02B7AB44-7BD4-63A6-4F6F-3AA57A734A15}.Release|Any CPU.ActiveCfg = Release|Any CPU
		{02B7AB44-7BD4-63A6-4F6F-3AA57A734A15}.Release|Any CPU.Build.0 = Release|Any CPU
		{840650BA-D2AC-D505-FB19-69777C6BF64A}.Debug|Any CPU.ActiveCfg = Debug|Any CPU
		{840650BA-D2AC-D505-FB19-69777C6BF64A}.Debug|Any CPU.Build.0 = Debug|Any CPU
		{840650BA-D2AC-D505-FB19-69777C6BF64A}.Release|Any CPU.ActiveCfg = Release|Any CPU
		{840650BA-D2AC-D505-FB19-69777C6BF64A}.Release|Any CPU.Build.0 = Release|Any CPU
		{307E4081-CB79-0689-C1D9-D59C075FF35E}.Debug|Any CPU.ActiveCfg = Debug|Any CPU
		{307E4081-CB79-0689-C1D9-D59C075FF35E}.Debug|Any CPU.Build.0 = Debug|Any CPU
		{307E4081-CB79-0689-C1D9-D59C075FF35E}.Release|Any CPU.ActiveCfg = Release|Any CPU
		{307E4081-CB79-0689-C1D9-D59C075FF35E}.Release|Any CPU.Build.0 = Release|Any CPU
		{4AE3F597-A292-77B4-DDCE-811B1AFEE77A}.Debug|Any CPU.ActiveCfg = Debug|Any CPU
		{4AE3F597-A292-77B4-DDCE-811B1AFEE77A}.Debug|Any CPU.Build.0 = Debug|Any CPU
		{4AE3F597-A292-77B4-DDCE-811B1AFEE77A}.Release|Any CPU.ActiveCfg = Release|Any CPU
		{4AE3F597-A292-77B4-DDCE-811B1AFEE77A}.Release|Any CPU.Build.0 = Release|Any CPU
		{3735BD77-8A08-20ED-8C72-97675570956D}.Debug|Any CPU.ActiveCfg = Debug|Any CPU
		{3735BD77-8A08-20ED-8C72-97675570956D}.Debug|Any CPU.Build.0 = Debug|Any CPU
		{3735BD77-8A08-20ED-8C72-97675570956D}.Release|Any CPU.ActiveCfg = Release|Any CPU
		{3735BD77-8A08-20ED-8C72-97675570956D}.Release|Any CPU.Build.0 = Release|Any CPU
		{CE76444A-3570-2A8F-40D8-96FCA74166F2}.Debug|Any CPU.ActiveCfg = Debug|Any CPU
		{CE76444A-3570-2A8F-40D8-96FCA74166F2}.Debug|Any CPU.Build.0 = Debug|Any CPU
		{CE76444A-3570-2A8F-40D8-96FCA74166F2}.Release|Any CPU.ActiveCfg = Release|Any CPU
		{CE76444A-3570-2A8F-40D8-96FCA74166F2}.Release|Any CPU.Build.0 = Release|Any CPU
		{5D0A07B8-8E8C-463F-A132-98F3568A3FEF}.Debug|Any CPU.ActiveCfg = Debug|Any CPU
		{5D0A07B8-8E8C-463F-A132-98F3568A3FEF}.Debug|Any CPU.Build.0 = Debug|Any CPU
		{5D0A07B8-8E8C-463F-A132-98F3568A3FEF}.Release|Any CPU.ActiveCfg = Release|Any CPU
		{5D0A07B8-8E8C-463F-A132-98F3568A3FEF}.Release|Any CPU.Build.0 = Release|Any CPU
		{054E6208-BE97-7FB4-11C3-FE5BC40EFD14}.Debug|Any CPU.ActiveCfg = Debug|Any CPU
		{054E6208-BE97-7FB4-11C3-FE5BC40EFD14}.Debug|Any CPU.Build.0 = Debug|Any CPU
		{054E6208-BE97-7FB4-11C3-FE5BC40EFD14}.Release|Any CPU.ActiveCfg = Release|Any CPU
		{054E6208-BE97-7FB4-11C3-FE5BC40EFD14}.Release|Any CPU.Build.0 = Release|Any CPU
		{317209CE-EFF5-6CFD-EB22-B45D9E578A74}.Debug|Any CPU.ActiveCfg = Debug|Any CPU
		{317209CE-EFF5-6CFD-EB22-B45D9E578A74}.Debug|Any CPU.Build.0 = Debug|Any CPU
		{317209CE-EFF5-6CFD-EB22-B45D9E578A74}.Release|Any CPU.ActiveCfg = Release|Any CPU
		{317209CE-EFF5-6CFD-EB22-B45D9E578A74}.Release|Any CPU.Build.0 = Release|Any CPU
		{8C9CB1D7-77D0-8F68-152C-9EF2C98D692D}.Debug|Any CPU.ActiveCfg = Debug|Any CPU
		{8C9CB1D7-77D0-8F68-152C-9EF2C98D692D}.Debug|Any CPU.Build.0 = Debug|Any CPU
		{8C9CB1D7-77D0-8F68-152C-9EF2C98D692D}.Release|Any CPU.ActiveCfg = Release|Any CPU
		{8C9CB1D7-77D0-8F68-152C-9EF2C98D692D}.Release|Any CPU.Build.0 = Release|Any CPU
		{32F2E90B-30A4-1F07-1B5A-28289CC277E9}.Debug|Any CPU.ActiveCfg = Debug|Any CPU
		{32F2E90B-30A4-1F07-1B5A-28289CC277E9}.Debug|Any CPU.Build.0 = Debug|Any CPU
		{32F2E90B-30A4-1F07-1B5A-28289CC277E9}.Release|Any CPU.ActiveCfg = Release|Any CPU
		{32F2E90B-30A4-1F07-1B5A-28289CC277E9}.Release|Any CPU.Build.0 = Release|Any CPU
	EndGlobalSection
	GlobalSection(SolutionProperties) = preSolution
		HideSolutionNode = FALSE
	EndGlobalSection
EndGlobal
